// !$*UTF8*$!
{
	archiveVersion = 1;
	classes = {
	};
	objectVersion = 50;
	objects = {

/* Begin PBXBuildFile section */
		220904BC249B9F18003C8714 /* AppDelegate.swift in Sources */ = {isa = PBXBuildFile; fileRef = 220904BB249B9F18003C8714 /* AppDelegate.swift */; };
		220904BE249B9F18003C8714 /* SceneDelegate.swift in Sources */ = {isa = PBXBuildFile; fileRef = 220904BD249B9F18003C8714 /* SceneDelegate.swift */; };
		220904C0249B9F18003C8714 /* ContentView.swift in Sources */ = {isa = PBXBuildFile; fileRef = 220904BF249B9F18003C8714 /* ContentView.swift */; };
		220904C2249B9F19003C8714 /* Assets.xcassets in Resources */ = {isa = PBXBuildFile; fileRef = 220904C1249B9F19003C8714 /* Assets.xcassets */; };
		220904C5249B9F19003C8714 /* Preview Assets.xcassets in Resources */ = {isa = PBXBuildFile; fileRef = 220904C4249B9F19003C8714 /* Preview Assets.xcassets */; };
		220904C8249B9F19003C8714 /* LaunchScreen.storyboard in Resources */ = {isa = PBXBuildFile; fileRef = 220904C6249B9F19003C8714 /* LaunchScreen.storyboard */; };
		220904D0249BA421003C8714 /* Setting.swift in Sources */ = {isa = PBXBuildFile; fileRef = 220904CF249BA421003C8714 /* Setting.swift */; };
		220904D2249BA6E6003C8714 /* RollView.swift in Sources */ = {isa = PBXBuildFile; fileRef = 220904D1249BA6E6003C8714 /* RollView.swift */; };
		22BEC525249CD1CF00800DBD /* Localizable.strings in Resources */ = {isa = PBXBuildFile; fileRef = 22BEC527249CD1CF00800DBD /* Localizable.strings */; };
		22BEC52A249CD1ED00800DBD /* StringExt.swift in Sources */ = {isa = PBXBuildFile; fileRef = 22BEC529249CD1ED00800DBD /* StringExt.swift */; };
		22BEC52D249CD9E100800DBD /* InfoPlist.strings in Resources */ = {isa = PBXBuildFile; fileRef = 22BEC52F249CD9E100800DBD /* InfoPlist.strings */; };
/* End PBXBuildFile section */

/* Begin PBXFileReference section */
		220904B8249B9F18003C8714 /* Dice.app */ = {isa = PBXFileReference; explicitFileType = wrapper.application; includeInIndex = 0; path = Dice.app; sourceTree = BUILT_PRODUCTS_DIR; };
		220904BB249B9F18003C8714 /* AppDelegate.swift */ = {isa = PBXFileReference; lastKnownFileType = sourcecode.swift; path = AppDelegate.swift; sourceTree = "<group>"; };
		220904BD249B9F18003C8714 /* SceneDelegate.swift */ = {isa = PBXFileReference; lastKnownFileType = sourcecode.swift; path = SceneDelegate.swift; sourceTree = "<group>"; };
		220904BF249B9F18003C8714 /* ContentView.swift */ = {isa = PBXFileReference; lastKnownFileType = sourcecode.swift; path = ContentView.swift; sourceTree = "<group>"; };
		220904C1249B9F19003C8714 /* Assets.xcassets */ = {isa = PBXFileReference; lastKnownFileType = folder.assetcatalog; path = Assets.xcassets; sourceTree = "<group>"; };
		220904C4249B9F19003C8714 /* Preview Assets.xcassets */ = {isa = PBXFileReference; lastKnownFileType = folder.assetcatalog; path = "Preview Assets.xcassets"; sourceTree = "<group>"; };
		220904C7249B9F19003C8714 /* Base */ = {isa = PBXFileReference; lastKnownFileType = file.storyboard; name = Base; path = Base.lproj/LaunchScreen.storyboard; sourceTree = "<group>"; };
		220904C9249B9F19003C8714 /* Info.plist */ = {isa = PBXFileReference; lastKnownFileType = text.plist.xml; path = Info.plist; sourceTree = "<group>"; };
		220904CF249BA421003C8714 /* Setting.swift */ = {isa = PBXFileReference; lastKnownFileType = sourcecode.swift; path = Setting.swift; sourceTree = "<group>"; };
		220904D1249BA6E6003C8714 /* RollView.swift */ = {isa = PBXFileReference; lastKnownFileType = sourcecode.swift; path = RollView.swift; sourceTree = "<group>"; };
		227C8EA524A77309007C1AE9 /* Dice.entitlements */ = {isa = PBXFileReference; lastKnownFileType = text.plist.entitlements; path = Dice.entitlements; sourceTree = "<group>"; };
		22BEC522249CD16300800DBD /* ja */ = {isa = PBXFileReference; lastKnownFileType = text.plist.strings; name = ja; path = ja.lproj/LaunchScreen.strings; sourceTree = "<group>"; };
		22BEC526249CD1CF00800DBD /* en */ = {isa = PBXFileReference; lastKnownFileType = text.plist.strings; name = en; path = en.lproj/Localizable.strings; sourceTree = "<group>"; };
		22BEC528249CD1D400800DBD /* ja */ = {isa = PBXFileReference; lastKnownFileType = text.plist.strings; name = ja; path = ja.lproj/Localizable.strings; sourceTree = "<group>"; };
		22BEC529249CD1ED00800DBD /* StringExt.swift */ = {isa = PBXFileReference; lastKnownFileType = sourcecode.swift; path = StringExt.swift; sourceTree = "<group>"; };
		22BEC52E249CD9E100800DBD /* en */ = {isa = PBXFileReference; lastKnownFileType = text.plist.strings; name = en; path = en.lproj/InfoPlist.strings; sourceTree = "<group>"; };
		22BEC530249CD9E500800DBD /* ja */ = {isa = PBXFileReference; lastKnownFileType = text.plist.strings; name = ja; path = ja.lproj/InfoPlist.strings; sourceTree = "<group>"; };
/* End PBXFileReference section */

/* Begin PBXFrameworksBuildPhase section */
		220904B5249B9F18003C8714 /* Frameworks */ = {
			isa = PBXFrameworksBuildPhase;
			buildActionMask = 2147483647;
			files = (
			);
			runOnlyForDeploymentPostprocessing = 0;
		};
/* End PBXFrameworksBuildPhase section */

/* Begin PBXGroup section */
		220904AF249B9F18003C8714 = {
			isa = PBXGroup;
			children = (
				220904BA249B9F18003C8714 /* Dice2 */,
				220904B9249B9F18003C8714 /* Products */,
			);
			sourceTree = "<group>";
		};
		220904B9249B9F18003C8714 /* Products */ = {
			isa = PBXGroup;
			children = (
				220904B8249B9F18003C8714 /* Dice.app */,
			);
			name = Products;
			sourceTree = "<group>";
		};
		220904BA249B9F18003C8714 /* Dice2 */ = {
			isa = PBXGroup;
			children = (
				227C8EA524A77309007C1AE9 /* Dice.entitlements */,
				220904BB249B9F18003C8714 /* AppDelegate.swift */,
				220904BD249B9F18003C8714 /* SceneDelegate.swift */,
				220904BF249B9F18003C8714 /* ContentView.swift */,
				220904D1249BA6E6003C8714 /* RollView.swift */,
				220904CF249BA421003C8714 /* Setting.swift */,
				22BEC529249CD1ED00800DBD /* StringExt.swift */,
				220904C1249B9F19003C8714 /* Assets.xcassets */,
				220904C6249B9F19003C8714 /* LaunchScreen.storyboard */,
				220904C9249B9F19003C8714 /* Info.plist */,
				22BEC52F249CD9E100800DBD /* InfoPlist.strings */,
				22BEC527249CD1CF00800DBD /* Localizable.strings */,
				220904C3249B9F19003C8714 /* Preview Content */,
			);
			path = Dice2;
			sourceTree = "<group>";
		};
		220904C3249B9F19003C8714 /* Preview Content */ = {
			isa = PBXGroup;
			children = (
				220904C4249B9F19003C8714 /* Preview Assets.xcassets */,
			);
			path = "Preview Content";
			sourceTree = "<group>";
		};
/* End PBXGroup section */

/* Begin PBXNativeTarget section */
		220904B7249B9F18003C8714 /* Dice2 */ = {
			isa = PBXNativeTarget;
			buildConfigurationList = 220904CC249B9F19003C8714 /* Build configuration list for PBXNativeTarget "Dice2" */;
			buildPhases = (
				220904B4249B9F18003C8714 /* Sources */,
				220904B5249B9F18003C8714 /* Frameworks */,
				220904B6249B9F18003C8714 /* Resources */,
			);
			buildRules = (
			);
			dependencies = (
			);
			name = Dice2;
			productName = Dice2;
			productReference = 220904B8249B9F18003C8714 /* Dice.app */;
			productType = "com.apple.product-type.application";
		};
/* End PBXNativeTarget section */

/* Begin PBXProject section */
		220904B0249B9F18003C8714 /* Project object */ = {
			isa = PBXProject;
			attributes = {
				LastSwiftUpdateCheck = 1150;
				LastUpgradeCheck = 1150;
				ORGANIZATIONNAME = "Ma Xueyuan";
				TargetAttributes = {
					220904B7249B9F18003C8714 = {
						CreatedOnToolsVersion = 11.5;
					};
				};
			};
			buildConfigurationList = 220904B3249B9F18003C8714 /* Build configuration list for PBXProject "Dice2" */;
			compatibilityVersion = "Xcode 9.3";
			developmentRegion = en;
			hasScannedForEncodings = 0;
			knownRegions = (
				en,
				Base,
				ja,
			);
			mainGroup = 220904AF249B9F18003C8714;
			productRefGroup = 220904B9249B9F18003C8714 /* Products */;
			projectDirPath = "";
			projectRoot = "";
			targets = (
				220904B7249B9F18003C8714 /* Dice2 */,
			);
		};
/* End PBXProject section */

/* Begin PBXResourcesBuildPhase section */
		220904B6249B9F18003C8714 /* Resources */ = {
			isa = PBXResourcesBuildPhase;
			buildActionMask = 2147483647;
			files = (
				220904C8249B9F19003C8714 /* LaunchScreen.storyboard in Resources */,
				22BEC525249CD1CF00800DBD /* Localizable.strings in Resources */,
				220904C5249B9F19003C8714 /* Preview Assets.xcassets in Resources */,
				220904C2249B9F19003C8714 /* Assets.xcassets in Resources */,
				22BEC52D249CD9E100800DBD /* InfoPlist.strings in Resources */,
			);
			runOnlyForDeploymentPostprocessing = 0;
		};
/* End PBXResourcesBuildPhase section */

/* Begin PBXSourcesBuildPhase section */
		220904B4249B9F18003C8714 /* Sources */ = {
			isa = PBXSourcesBuildPhase;
			buildActionMask = 2147483647;
			files = (
				220904BC249B9F18003C8714 /* AppDelegate.swift in Sources */,
				220904BE249B9F18003C8714 /* SceneDelegate.swift in Sources */,
				220904D2249BA6E6003C8714 /* RollView.swift in Sources */,
				220904D0249BA421003C8714 /* Setting.swift in Sources */,
				22BEC52A249CD1ED00800DBD /* StringExt.swift in Sources */,
				220904C0249B9F18003C8714 /* ContentView.swift in Sources */,
			);
			runOnlyForDeploymentPostprocessing = 0;
		};
/* End PBXSourcesBuildPhase section */

/* Begin PBXVariantGroup section */
		220904C6249B9F19003C8714 /* LaunchScreen.storyboard */ = {
			isa = PBXVariantGroup;
			children = (
				220904C7249B9F19003C8714 /* Base */,
				22BEC522249CD16300800DBD /* ja */,
			);
			name = LaunchScreen.storyboard;
			sourceTree = "<group>";
		};
		22BEC527249CD1CF00800DBD /* Localizable.strings */ = {
			isa = PBXVariantGroup;
			children = (
				22BEC526249CD1CF00800DBD /* en */,
				22BEC528249CD1D400800DBD /* ja */,
			);
			name = Localizable.strings;
			sourceTree = "<group>";
		};
		22BEC52F249CD9E100800DBD /* InfoPlist.strings */ = {
			isa = PBXVariantGroup;
			children = (
				22BEC52E249CD9E100800DBD /* en */,
				22BEC530249CD9E500800DBD /* ja */,
			);
			name = InfoPlist.strings;
			sourceTree = "<group>";
		};
/* End PBXVariantGroup section */

/* Begin XCBuildConfiguration section */
		220904CA249B9F19003C8714 /* Debug */ = {
			isa = XCBuildConfiguration;
			buildSettings = {
				ALWAYS_SEARCH_USER_PATHS = NO;
				CLANG_ANALYZER_LOCALIZABILITY_NONLOCALIZED = YES;
				CLANG_ANALYZER_NONNULL = YES;
				CLANG_ANALYZER_NUMBER_OBJECT_CONVERSION = YES_AGGRESSIVE;
				CLANG_CXX_LANGUAGE_STANDARD = "gnu++14";
				CLANG_CXX_LIBRARY = "libc++";
				CLANG_ENABLE_MODULES = YES;
				CLANG_ENABLE_OBJC_ARC = YES;
				CLANG_ENABLE_OBJC_WEAK = YES;
				CLANG_WARN_BLOCK_CAPTURE_AUTORELEASING = YES;
				CLANG_WARN_BOOL_CONVERSION = YES;
				CLANG_WARN_COMMA = YES;
				CLANG_WARN_CONSTANT_CONVERSION = YES;
				CLANG_WARN_DEPRECATED_OBJC_IMPLEMENTATIONS = YES;
				CLANG_WARN_DIRECT_OBJC_ISA_USAGE = YES_ERROR;
				CLANG_WARN_DOCUMENTATION_COMMENTS = YES;
				CLANG_WARN_EMPTY_BODY = YES;
				CLANG_WARN_ENUM_CONVERSION = YES;
				CLANG_WARN_INFINITE_RECURSION = YES;
				CLANG_WARN_INT_CONVERSION = YES;
				CLANG_WARN_NON_LITERAL_NULL_CONVERSION = YES;
				CLANG_WARN_OBJC_IMPLICIT_RETAIN_SELF = YES;
				CLANG_WARN_OBJC_LITERAL_CONVERSION = YES;
				CLANG_WARN_OBJC_ROOT_CLASS = YES_ERROR;
				CLANG_WARN_RANGE_LOOP_ANALYSIS = YES;
				CLANG_WARN_STRICT_PROTOTYPES = YES;
				CLANG_WARN_SUSPICIOUS_MOVE = YES;
				CLANG_WARN_UNGUARDED_AVAILABILITY = YES_AGGRESSIVE;
				CLANG_WARN_UNREACHABLE_CODE = YES;
				CLANG_WARN__DUPLICATE_METHOD_MATCH = YES;
				COPY_PHASE_STRIP = NO;
				DEBUG_INFORMATION_FORMAT = dwarf;
				ENABLE_STRICT_OBJC_MSGSEND = YES;
				ENABLE_TESTABILITY = YES;
				GCC_C_LANGUAGE_STANDARD = gnu11;
				GCC_DYNAMIC_NO_PIC = NO;
				GCC_NO_COMMON_BLOCKS = YES;
				GCC_OPTIMIZATION_LEVEL = 0;
				GCC_PREPROCESSOR_DEFINITIONS = (
					"DEBUG=1",
					"$(inherited)",
				);
				GCC_WARN_64_TO_32_BIT_CONVERSION = YES;
				GCC_WARN_ABOUT_RETURN_TYPE = YES_ERROR;
				GCC_WARN_UNDECLARED_SELECTOR = YES;
				GCC_WARN_UNINITIALIZED_AUTOS = YES_AGGRESSIVE;
				GCC_WARN_UNUSED_FUNCTION = YES;
				GCC_WARN_UNUSED_VARIABLE = YES;
				IPHONEOS_DEPLOYMENT_TARGET = 13.4;
				MTL_ENABLE_DEBUG_INFO = INCLUDE_SOURCE;
				MTL_FAST_MATH = YES;
				ONLY_ACTIVE_ARCH = YES;
				SDKROOT = iphoneos;
				SWIFT_ACTIVE_COMPILATION_CONDITIONS = DEBUG;
				SWIFT_OPTIMIZATION_LEVEL = "-Onone";
			};
			name = Debug;
		};
		220904CB249B9F19003C8714 /* Release */ = {
			isa = XCBuildConfiguration;
			buildSettings = {
				ALWAYS_SEARCH_USER_PATHS = NO;
				CLANG_ANALYZER_LOCALIZABILITY_NONLOCALIZED = YES;
				CLANG_ANALYZER_NONNULL = YES;
				CLANG_ANALYZER_NUMBER_OBJECT_CONVERSION = YES_AGGRESSIVE;
				CLANG_CXX_LANGUAGE_STANDARD = "gnu++14";
				CLANG_CXX_LIBRARY = "libc++";
				CLANG_ENABLE_MODULES = YES;
				CLANG_ENABLE_OBJC_ARC = YES;
				CLANG_ENABLE_OBJC_WEAK = YES;
				CLANG_WARN_BLOCK_CAPTURE_AUTORELEASING = YES;
				CLANG_WARN_BOOL_CONVERSION = YES;
				CLANG_WARN_COMMA = YES;
				CLANG_WARN_CONSTANT_CONVERSION = YES;
				CLANG_WARN_DEPRECATED_OBJC_IMPLEMENTATIONS = YES;
				CLANG_WARN_DIRECT_OBJC_ISA_USAGE = YES_ERROR;
				CLANG_WARN_DOCUMENTATION_COMMENTS = YES;
				CLANG_WARN_EMPTY_BODY = YES;
				CLANG_WARN_ENUM_CONVERSION = YES;
				CLANG_WARN_INFINITE_RECURSION = YES;
				CLANG_WARN_INT_CONVERSION = YES;
				CLANG_WARN_NON_LITERAL_NULL_CONVERSION = YES;
				CLANG_WARN_OBJC_IMPLICIT_RETAIN_SELF = YES;
				CLANG_WARN_OBJC_LITERAL_CONVERSION = YES;
				CLANG_WARN_OBJC_ROOT_CLASS = YES_ERROR;
				CLANG_WARN_RANGE_LOOP_ANALYSIS = YES;
				CLANG_WARN_STRICT_PROTOTYPES = YES;
				CLANG_WARN_SUSPICIOUS_MOVE = YES;
				CLANG_WARN_UNGUARDED_AVAILABILITY = YES_AGGRESSIVE;
				CLANG_WARN_UNREACHABLE_CODE = YES;
				CLANG_WARN__DUPLICATE_METHOD_MATCH = YES;
				COPY_PHASE_STRIP = NO;
				DEBUG_INFORMATION_FORMAT = "dwarf-with-dsym";
				ENABLE_NS_ASSERTIONS = NO;
				ENABLE_STRICT_OBJC_MSGSEND = YES;
				GCC_C_LANGUAGE_STANDARD = gnu11;
				GCC_NO_COMMON_BLOCKS = YES;
				GCC_WARN_64_TO_32_BIT_CONVERSION = YES;
				GCC_WARN_ABOUT_RETURN_TYPE = YES_ERROR;
				GCC_WARN_UNDECLARED_SELECTOR = YES;
				GCC_WARN_UNINITIALIZED_AUTOS = YES_AGGRESSIVE;
				GCC_WARN_UNUSED_FUNCTION = YES;
				GCC_WARN_UNUSED_VARIABLE = YES;
				IPHONEOS_DEPLOYMENT_TARGET = 13.4;
				MTL_ENABLE_DEBUG_INFO = NO;
				MTL_FAST_MATH = YES;
				SDKROOT = iphoneos;
				SWIFT_COMPILATION_MODE = wholemodule;
				SWIFT_OPTIMIZATION_LEVEL = "-O";
				VALIDATE_PRODUCT = YES;
			};
			name = Release;
		};
		220904CD249B9F19003C8714 /* Debug */ = {
			isa = XCBuildConfiguration;
			buildSettings = {
				ASSETCATALOG_COMPILER_APPICON_NAME = AppIcon;
				CODE_SIGN_ENTITLEMENTS = Dice2/Dice.entitlements;
				CODE_SIGN_STYLE = Automatic;
				CURRENT_PROJECT_VERSION = 1;
				DEVELOPMENT_ASSET_PATHS = "\"Dice2/Preview Content\"";
				DEVELOPMENT_TEAM = EQC88F8HW8;
				ENABLE_PREVIEWS = YES;
				INFOPLIST_FILE = Dice2/Info.plist;
				LD_RUNPATH_SEARCH_PATHS = (
					"$(inherited)",
					"@executable_path/Frameworks",
				);
				MARKETING_VERSION = 1.1.1;
				PRODUCT_BUNDLE_IDENTIFIER = com.mxy.Dice2;
				PRODUCT_NAME = Dice;
				SUPPORTS_MACCATALYST = YES;
				SWIFT_VERSION = 5.0;
				TARGETED_DEVICE_FAMILY = "1,2";
			};
			name = Debug;
		};
		220904CE249B9F19003C8714 /* Release */ = {
			isa = XCBuildConfiguration;
			buildSettings = {
				ASSETCATALOG_COMPILER_APPICON_NAME = AppIcon;
				CODE_SIGN_ENTITLEMENTS = Dice2/Dice.entitlements;
				CODE_SIGN_STYLE = Automatic;
				CURRENT_PROJECT_VERSION = 1;
				DEVELOPMENT_ASSET_PATHS = "\"Dice2/Preview Content\"";
				DEVELOPMENT_TEAM = EQC88F8HW8;
				ENABLE_PREVIEWS = YES;
				INFOPLIST_FILE = Dice2/Info.plist;
				LD_RUNPATH_SEARCH_PATHS = (
					"$(inherited)",
					"@executable_path/Frameworks",
				);
				MARKETING_VERSION = 1.1.1;
				PRODUCT_BUNDLE_IDENTIFIER = com.mxy.Dice2;
				PRODUCT_NAME = Dice;
				SUPPORTS_MACCATALYST = YES;
				SWIFT_VERSION = 5.0;
				TARGETED_DEVICE_FAMILY = "1,2";
			};
			name = Release;
		};
/* End XCBuildConfiguration section */

/* Begin XCConfigurationList section */
		220904B3249B9F18003C8714 /* Build configuration list for PBXProject "Dice2" */ = {
			isa = XCConfigurationList;
			buildConfigurations = (
				220904CA249B9F19003C8714 /* Debug */,
				220904CB249B9F19003C8714 /* Release */,
			);
			defaultConfigurationIsVisible = 0;
			defaultConfigurationName = Release;
		};
		220904CC249B9F19003C8714 /* Build configuration list for PBXNativeTarget "Dice2" */ = {
			isa = XCConfigurationList;
			buildConfigurations = (
				220904CD249B9F19003C8714 /* Debug */,
				220904CE249B9F19003C8714 /* Release */,
			);
			defaultConfigurationIsVisible = 0;
			defaultConfigurationName = Release;
		};
/* End XCConfigurationList section */
	};
	rootObject = 220904B0249B9F18003C8714 /* Project object */;
}
